
Microsoft Visual Studio Solution File, Format Version 12.00
# Visual Studio Version 17
VisualStudioVersion = 17.0.31717.71
MinimumVisualStudioVersion = 10.0.40219.1
Project("{9A19103F-16F7-4668-BE54-9A1E7A4F7556}") = "ImportFromExelToDB", "ImportFromExelToDB\ImportFromExelToDB.csproj", "{32A6907F-FE0D-4EDE-8A87-6BAA06A4E729}"
EndProject
Global
	GlobalSection(SolutionConfigurationPlatforms) = preSolution
		Debug|Any CPU = Debug|Any CPU
		Release|Any CPU = Release|Any CPU
	EndGlobalSection
	GlobalSection(ProjectConfigurationPlatforms) = postSolution
		{32A6907F-FE0D-4EDE-8A87-6BAA06A4E729}.Debug|Any CPU.ActiveCfg = Debug|Any CPU
		{32A6907F-FE0D-4EDE-8A87-6BAA06A4E729}.Debug|Any CPU.Build.0 = Debug|Any CPU
		{32A6907F-FE0D-4EDE-8A87-6BAA06A4E729}.Release|Any CPU.ActiveCfg = Release|Any CPU
		{32A6907F-FE0D-4EDE-8A87-6BAA06A4E729}.Release|Any CPU.Build.0 = Release|Any CPU
	EndGlobalSection
	GlobalSection(SolutionProperties) = preSolution
		HideSolutionNode = FALSE
	EndGlobalSection
	GlobalSection(ExtensibilityGlobals) = postSolution
		SolutionGuid = {2BE5F0C8-DCAE-46D3-998F-0F5F9B29961D}
	EndGlobalSection
EndGlobal
