
Microsoft Visual Studio Solution File, Format Version 12.00
# Visual Studio Version 17
VisualStudioVersion = 17.0.31717.71
MinimumVisualStudioVersion = 10.0.40219.1
Project("{FAE04EC0-301F-11D3-BF4B-00C04F79EFBC}") = "RosAtomDataBase", "WebApi\RosAtomDataBase.csproj", "{3F333CCB-4DA7-424B-AF06-5925A82D48A2}"
EndProject
Global
	GlobalSection(SolutionConfigurationPlatforms) = preSolution
		Debug|Any CPU = Debug|Any CPU
		Release|Any CPU = Release|Any CPU
	EndGlobalSection
	GlobalSection(ProjectConfigurationPlatforms) = postSolution
		{3F333CCB-4DA7-424B-AF06-5925A82D48A2}.Debug|Any CPU.ActiveCfg = Debug|Any CPU
		{3F333CCB-4DA7-424B-AF06-5925A82D48A2}.Debug|Any CPU.Build.0 = Debug|Any CPU
		{3F333CCB-4DA7-424B-AF06-5925A82D48A2}.Release|Any CPU.ActiveCfg = Release|Any CPU
		{3F333CCB-4DA7-424B-AF06-5925A82D48A2}.Release|Any CPU.Build.0 = Release|Any CPU
	EndGlobalSection
	GlobalSection(SolutionProperties) = preSolution
		HideSolutionNode = FALSE
	EndGlobalSection
	GlobalSection(ExtensibilityGlobals) = postSolution
		SolutionGuid = {0B6407FA-0F98-4596-AA57-79708C394D3D}
	EndGlobalSection
EndGlobal
